
Microsoft Visual Studio Solution File, Format Version 11.00
# Visual Studio 2010
Project("{8BC9CEB8-8B4A-11D0-8D11-00A0C91BC942}") = "OpenCover.Profiler", "OpenCover.Profiler\OpenCover.Profiler.vcxproj", "{B2CE418E-A5C8-4C46-9513-771414B3CA4C}"
EndProject
Project("{FAE04EC0-301F-11D3-BF4B-00C04F79EFBC}") = "OpenCover.Console", "OpenCover.Console\OpenCover.Console.csproj", "{42EA7A31-2D5C-4B50-ACEA-D56C3BAB0CC2}"
EndProject
Global
	GlobalSection(SolutionConfigurationPlatforms) = preSolution
		Debug|x64 = Debug|x64
		Debug|x86 = Debug|x86
		Release|x64 = Release|x64
		Release|x86 = Release|x86
	EndGlobalSection
	GlobalSection(ProjectConfigurationPlatforms) = postSolution
		{B2CE418E-A5C8-4C46-9513-771414B3CA4C}.Debug|x64.ActiveCfg = Debug|x64
		{B2CE418E-A5C8-4C46-9513-771414B3CA4C}.Debug|x64.Build.0 = Debug|x64
		{B2CE418E-A5C8-4C46-9513-771414B3CA4C}.Debug|x86.ActiveCfg = Debug|Win32
		{B2CE418E-A5C8-4C46-9513-771414B3CA4C}.Debug|x86.Build.0 = Debug|Win32
		{B2CE418E-A5C8-4C46-9513-771414B3CA4C}.Release|x64.ActiveCfg = Release|x64
		{B2CE418E-A5C8-4C46-9513-771414B3CA4C}.Release|x64.Build.0 = Release|x64
		{B2CE418E-A5C8-4C46-9513-771414B3CA4C}.Release|x86.ActiveCfg = Release|Win32
		{B2CE418E-A5C8-4C46-9513-771414B3CA4C}.Release|x86.Build.0 = Release|Win32
		{42EA7A31-2D5C-4B50-ACEA-D56C3BAB0CC2}.Debug|x64.ActiveCfg = Debug|x64
		{42EA7A31-2D5C-4B50-ACEA-D56C3BAB0CC2}.Debug|x64.Build.0 = Debug|x64
		{42EA7A31-2D5C-4B50-ACEA-D56C3BAB0CC2}.Debug|x86.ActiveCfg = Debug|x86
		{42EA7A31-2D5C-4B50-ACEA-D56C3BAB0CC2}.Debug|x86.Build.0 = Debug|x86
		{42EA7A31-2D5C-4B50-ACEA-D56C3BAB0CC2}.Release|x64.ActiveCfg = Release|x64
		{42EA7A31-2D5C-4B50-ACEA-D56C3BAB0CC2}.Release|x64.Build.0 = Release|x64
		{42EA7A31-2D5C-4B50-ACEA-D56C3BAB0CC2}.Release|x86.ActiveCfg = Release|x86
		{42EA7A31-2D5C-4B50-ACEA-D56C3BAB0CC2}.Release|x86.Build.0 = Release|x86
	EndGlobalSection
	GlobalSection(SolutionProperties) = preSolution
		HideSolutionNode = FALSE
	EndGlobalSection
EndGlobal
