
Microsoft Visual Studio Solution File, Format Version 12.00
# Visual Studio 15
VisualStudioVersion = 15.0.26730.10
MinimumVisualStudioVersion = 10.0.40219.1
Project("{2150E333-8FDC-42A3-9474-1A3956D46DE8}") = "Build", "Build", "{4337F24C-830C-4A9A-987B-2348F9222C39}"
	ProjectSection(SolutionItems) = preProject
		..\build\environment.build = ..\build\environment.build
		..\build\installer.build = ..\build\installer.build
		..\build\opencover.build = ..\build\opencover.build
		..\build\version.build = ..\build\version.build
	EndProjectSection
EndProject
Project("{2150E333-8FDC-42A3-9474-1A3956D46DE8}") = ".nuget", ".nuget", "{C4B551F8-0420-40EE-B5F8-67487627BFDD}"
	ProjectSection(SolutionItems) = preProject
		.nuget\NuGet.Config = .nuget\NuGet.Config
		.nuget\NuGet.exe = .nuget\NuGet.exe
		.nuget\NuGet.targets = .nuget\NuGet.targets
		.nuget\packages.config = .nuget\packages.config
	EndProjectSection
EndProject
Project("{2150E333-8FDC-42A3-9474-1A3956D46DE8}") = "Sonar", "Sonar", "{2B929F9D-6E24-44F0-9BBC-A129E93262AC}"
	ProjectSection(SolutionItems) = preProject
		OpenCover.Profiler\sonar.h = OpenCover.Profiler\sonar.h
	EndProjectSection
EndProject
Project("{2150E333-8FDC-42A3-9474-1A3956D46DE8}") = "Profiler", "Profiler", "{A0C8DE33-594B-4927-8B68-52C008EF17A8}"
EndProject
Project("{2150E333-8FDC-42A3-9474-1A3956D46DE8}") = ".build", ".build", "{46A37479-1892-496B-98AB-6826E97D12F7}"
	ProjectSection(SolutionItems) = preProject
		..\appveyor.yml = ..\appveyor.yml
		..\default.build = ..\default.build
		..\ReleaseNotes.tmp = ..\ReleaseNotes.tmp
	EndProjectSection
EndProject
Project("{2150E333-8FDC-42A3-9474-1A3956D46DE8}") = "Target", "Target", "{BB3EABCA-7978-4809-A5CF-51F85860DD55}"
EndProject
Project("{2150E333-8FDC-42A3-9474-1A3956D46DE8}") = "Framework", "Framework", "{B791B5A9-DF44-474A-A10A-E4654F8792D7}"
EndProject
Project("{8BC9CEB8-8B4A-11D0-8D11-00A0C91BC942}") = "OpenCover.Profiler", "OpenCover.Profiler\OpenCover.Profiler.vcxproj", "{B2CE418E-A5C8-4C46-9513-771414B3CA4C}"
	ProjectSection(ProjectDependencies) = postProject
		{31B0FAA6-A63F-46FC-96EE-697235DA2BB0} = {31B0FAA6-A63F-46FC-96EE-697235DA2BB0}
	EndProjectSection
EndProject
Project("{FAE04EC0-301F-11D3-BF4B-00C04F79EFBC}") = "OpenCover.Console", "OpenCover.Console\OpenCover.Console.csproj", "{42EA7A31-2D5C-4B50-ACEA-D56C3BAB0CC2}"
	ProjectSection(ProjectDependencies) = postProject
		{EE9B358A-335C-43E9-BC35-853807C5E776} = {EE9B358A-335C-43E9-BC35-853807C5E776}
		{0B94C4BF-762B-4722-BF5A-30E7F6D2CB7E} = {0B94C4BF-762B-4722-BF5A-30E7F6D2CB7E}
	EndProjectSection
EndProject
Project("{FAE04EC0-301F-11D3-BF4B-00C04F79EFBC}") = "OpenCover.Test", "OpenCover.Test\OpenCover.Test.csproj", "{BDFCE9C6-A116-45AF-94DC-F491D0CE8EB2}"
EndProject
Project("{8BC9CEB8-8B4A-11D0-8D11-00A0C91BC942}") = "OpenCover.Test.Profiler", "OpenCover.Test.Profiler\OpenCover.Test.Profiler.vcxproj", "{0FBC382D-AB5A-4C10-B573-10B4FFB02EFC}"
	ProjectSection(ProjectDependencies) = postProject
		{B2CE418E-A5C8-4C46-9513-771414B3CA4C} = {B2CE418E-A5C8-4C46-9513-771414B3CA4C}
	EndProjectSection
EndProject
Project("{FAE04EC0-301F-11D3-BF4B-00C04F79EFBC}") = "OpenCover.Simple.Target", "OpenCover.Simple.Target\OpenCover.Simple.Target.csproj", "{27AD5F08-0625-4093-8782-F7936737FAB7}"
EndProject
Project("{FAE04EC0-301F-11D3-BF4B-00C04F79EFBC}") = "OpenCover.Framework", "OpenCover.Framework\OpenCover.Framework.csproj", "{C6F40A34-101B-4BAF-A2F4-6EA28A264F57}"
	ProjectSection(ProjectDependencies) = postProject
		{0B94C4BF-762B-4722-BF5A-30E7F6D2CB7E} = {0B94C4BF-762B-4722-BF5A-30E7F6D2CB7E}
	EndProjectSection
EndProject
Project("{FAE04EC0-301F-11D3-BF4B-00C04F79EFBC}") = "OpenCover.Integration.Test", "OpenCover.Integration.Test\OpenCover.Integration.Test.csproj", "{C5533EEB-9AEF-4CC9-8E76-3FFE57D09C23}"
	ProjectSection(ProjectDependencies) = postProject
		{BDFCE9C6-A116-45AF-94DC-F491D0CE8EB2} = {BDFCE9C6-A116-45AF-94DC-F491D0CE8EB2}
	EndProjectSection
EndProject
Project("{FAE04EC0-301F-11D3-BF4B-00C04F79EFBC}") = "OpenCover.MSBuild", "OpenCover.MSBuild\OpenCover.MSBuild.csproj", "{746A6B40-4570-40CB-BBE5-CEECEE9E220F}"
EndProject
Project("{930C7802-8A8C-48F9-8165-68863BCCD9DD}") = "OpenCover.Installer", "OpenCover.Installer\OpenCover.Installer.wixproj", "{F6D7F279-F302-4741-BE54-DD75D32E378F}"
	ProjectSection(ProjectDependencies) = postProject
		{27AD5F08-0625-4093-8782-F7936737FAB7} = {27AD5F08-0625-4093-8782-F7936737FAB7}
		{42EA7A31-2D5C-4B50-ACEA-D56C3BAB0CC2} = {42EA7A31-2D5C-4B50-ACEA-D56C3BAB0CC2}
		{C6F40A34-101B-4BAF-A2F4-6EA28A264F57} = {C6F40A34-101B-4BAF-A2F4-6EA28A264F57}
		{746A6B40-4570-40CB-BBE5-CEECEE9E220F} = {746A6B40-4570-40CB-BBE5-CEECEE9E220F}
		{EE9B358A-335C-43E9-BC35-853807C5E776} = {EE9B358A-335C-43E9-BC35-853807C5E776}
		{B2CE418E-A5C8-4C46-9513-771414B3CA4C} = {B2CE418E-A5C8-4C46-9513-771414B3CA4C}
	EndProjectSection
EndProject
Project("{FAE04EC0-301F-11D3-BF4B-00C04F79EFBC}") = "OpenCover.Specs", "OpenCover.Specs\OpenCover.Specs.csproj", "{5A908D9D-617E-408F-ACED-9E505693DE96}"
	ProjectSection(ProjectDependencies) = postProject
		{27AD5F08-0625-4093-8782-F7936737FAB7} = {27AD5F08-0625-4093-8782-F7936737FAB7}
		{42EA7A31-2D5C-4B50-ACEA-D56C3BAB0CC2} = {42EA7A31-2D5C-4B50-ACEA-D56C3BAB0CC2}
	EndProjectSection
EndProject
Project("{FAE04EC0-301F-11D3-BF4B-00C04F79EFBC}") = "OpenCover.Extensions", "OpenCover.Extensions\OpenCover.Extensions.csproj", "{EE9B358A-335C-43E9-BC35-853807C5E776}"
EndProject
Project("{FAE04EC0-301F-11D3-BF4B-00C04F79EFBC}") = "OpenCover.Support", "OpenCover.Support\OpenCover.Support.csproj", "{31B0FAA6-A63F-46FC-96EE-697235DA2BB0}"
EndProject
Project("{FAE04EC0-301F-11D3-BF4B-00C04F79EFBC}") = "OpenCover.UITest", "OpenCover.UITest\OpenCover.UITest.csproj", "{E8513153-6298-411D-9BD9-0DB0CC708D34}"
	ProjectSection(ProjectDependencies) = postProject
		{27AD5F08-0625-4093-8782-F7936737FAB7} = {27AD5F08-0625-4093-8782-F7936737FAB7}
	EndProjectSection
EndProject
Project("{FAE04EC0-301F-11D3-BF4B-00C04F79EFBC}") = "OpenCover.3rdParty.Signer", "OpenCover.3rdParty.Signer\OpenCover.3rdParty.Signer.csproj", "{0B94C4BF-762B-4722-BF5A-30E7F6D2CB7E}"
EndProject
Project("{9A19103F-16F7-4668-BE54-9A1E7A4F7556}") = "OpenCover.Simple.Target.Core", "OpenCover.Simple.Target.Core\OpenCover.Simple.Target.Core.csproj", "{33008C83-1DE4-4C00-8F81-1E2226875F7A}"
EndProject
Project("{9A19103F-16F7-4668-BE54-9A1E7A4F7556}") = "OpenCover.Simple.Target.Core.Portable", "OpenCover.Simple.Target.Core.Portable\OpenCover.Simple.Target.Core.Portable.csproj", "{775426EC-CE9D-4C3D-A5BD-7C600A4BB255}"
EndProject
Project("{9A19103F-16F7-4668-BE54-9A1E7A4F7556}") = "OpenCover.Simple.Target.Core.Embedded", "OpenCover.Simple.Target.Core.Embedded\OpenCover.Simple.Target.Core.Embedded.csproj", "{4E0FF782-F141-424A-AF7B-2308B526C58F}"
EndProject
Global
	GlobalSection(SolutionConfigurationPlatforms) = preSolution
		Debug|x64 = Debug|x64
		Debug|x86 = Debug|x86
		Release|x64 = Release|x64
		Release|x86 = Release|x86
	EndGlobalSection
	GlobalSection(ProjectConfigurationPlatforms) = postSolution
		{B2CE418E-A5C8-4C46-9513-771414B3CA4C}.Debug|x64.ActiveCfg = Debug|x64
		{B2CE418E-A5C8-4C46-9513-771414B3CA4C}.Debug|x64.Build.0 = Debug|x64
		{B2CE418E-A5C8-4C46-9513-771414B3CA4C}.Debug|x86.ActiveCfg = Debug|Win32
		{B2CE418E-A5C8-4C46-9513-771414B3CA4C}.Debug|x86.Build.0 = Debug|Win32
		{B2CE418E-A5C8-4C46-9513-771414B3CA4C}.Release|x64.ActiveCfg = Release|x64
		{B2CE418E-A5C8-4C46-9513-771414B3CA4C}.Release|x64.Build.0 = Release|x64
		{B2CE418E-A5C8-4C46-9513-771414B3CA4C}.Release|x86.ActiveCfg = Release|Win32
		{B2CE418E-A5C8-4C46-9513-771414B3CA4C}.Release|x86.Build.0 = Release|Win32
		{42EA7A31-2D5C-4B50-ACEA-D56C3BAB0CC2}.Debug|x64.ActiveCfg = Debug|Any CPU
		{42EA7A31-2D5C-4B50-ACEA-D56C3BAB0CC2}.Debug|x64.Build.0 = Debug|Any CPU
		{42EA7A31-2D5C-4B50-ACEA-D56C3BAB0CC2}.Debug|x86.ActiveCfg = Debug|Any CPU
		{42EA7A31-2D5C-4B50-ACEA-D56C3BAB0CC2}.Debug|x86.Build.0 = Debug|Any CPU
		{42EA7A31-2D5C-4B50-ACEA-D56C3BAB0CC2}.Release|x64.ActiveCfg = Release|Any CPU
		{42EA7A31-2D5C-4B50-ACEA-D56C3BAB0CC2}.Release|x64.Build.0 = Release|Any CPU
		{42EA7A31-2D5C-4B50-ACEA-D56C3BAB0CC2}.Release|x86.ActiveCfg = Release|Any CPU
		{42EA7A31-2D5C-4B50-ACEA-D56C3BAB0CC2}.Release|x86.Build.0 = Release|Any CPU
		{BDFCE9C6-A116-45AF-94DC-F491D0CE8EB2}.Debug|x64.ActiveCfg = Debug|Any CPU
		{BDFCE9C6-A116-45AF-94DC-F491D0CE8EB2}.Debug|x64.Build.0 = Debug|Any CPU
		{BDFCE9C6-A116-45AF-94DC-F491D0CE8EB2}.Debug|x86.ActiveCfg = Debug|Any CPU
		{BDFCE9C6-A116-45AF-94DC-F491D0CE8EB2}.Debug|x86.Build.0 = Debug|Any CPU
		{BDFCE9C6-A116-45AF-94DC-F491D0CE8EB2}.Release|x64.ActiveCfg = Release|Any CPU
		{BDFCE9C6-A116-45AF-94DC-F491D0CE8EB2}.Release|x64.Build.0 = Release|Any CPU
		{BDFCE9C6-A116-45AF-94DC-F491D0CE8EB2}.Release|x86.ActiveCfg = Release|Any CPU
		{BDFCE9C6-A116-45AF-94DC-F491D0CE8EB2}.Release|x86.Build.0 = Release|Any CPU
		{0FBC382D-AB5A-4C10-B573-10B4FFB02EFC}.Debug|x64.ActiveCfg = Debug|x64
		{0FBC382D-AB5A-4C10-B573-10B4FFB02EFC}.Debug|x64.Build.0 = Debug|x64
		{0FBC382D-AB5A-4C10-B573-10B4FFB02EFC}.Debug|x86.ActiveCfg = Debug|Win32
		{0FBC382D-AB5A-4C10-B573-10B4FFB02EFC}.Debug|x86.Build.0 = Debug|Win32
		{0FBC382D-AB5A-4C10-B573-10B4FFB02EFC}.Release|x64.ActiveCfg = Release|x64
		{0FBC382D-AB5A-4C10-B573-10B4FFB02EFC}.Release|x64.Build.0 = Release|x64
		{0FBC382D-AB5A-4C10-B573-10B4FFB02EFC}.Release|x86.ActiveCfg = Release|Win32
		{0FBC382D-AB5A-4C10-B573-10B4FFB02EFC}.Release|x86.Build.0 = Release|Win32
		{27AD5F08-0625-4093-8782-F7936737FAB7}.Debug|x64.ActiveCfg = Debug|x64
		{27AD5F08-0625-4093-8782-F7936737FAB7}.Debug|x64.Build.0 = Debug|x64
		{27AD5F08-0625-4093-8782-F7936737FAB7}.Debug|x86.ActiveCfg = Debug|x86
		{27AD5F08-0625-4093-8782-F7936737FAB7}.Debug|x86.Build.0 = Debug|x86
		{27AD5F08-0625-4093-8782-F7936737FAB7}.Release|x64.ActiveCfg = Release|x64
		{27AD5F08-0625-4093-8782-F7936737FAB7}.Release|x64.Build.0 = Release|x64
		{27AD5F08-0625-4093-8782-F7936737FAB7}.Release|x86.ActiveCfg = Release|x86
		{27AD5F08-0625-4093-8782-F7936737FAB7}.Release|x86.Build.0 = Release|x86
		{C6F40A34-101B-4BAF-A2F4-6EA28A264F57}.Debug|x64.ActiveCfg = Debug|Any CPU
		{C6F40A34-101B-4BAF-A2F4-6EA28A264F57}.Debug|x64.Build.0 = Debug|Any CPU
		{C6F40A34-101B-4BAF-A2F4-6EA28A264F57}.Debug|x86.ActiveCfg = Debug|Any CPU
		{C6F40A34-101B-4BAF-A2F4-6EA28A264F57}.Debug|x86.Build.0 = Debug|Any CPU
		{C6F40A34-101B-4BAF-A2F4-6EA28A264F57}.Release|x64.ActiveCfg = Release|Any CPU
		{C6F40A34-101B-4BAF-A2F4-6EA28A264F57}.Release|x64.Build.0 = Release|Any CPU
		{C6F40A34-101B-4BAF-A2F4-6EA28A264F57}.Release|x86.ActiveCfg = Release|Any CPU
		{C6F40A34-101B-4BAF-A2F4-6EA28A264F57}.Release|x86.Build.0 = Release|Any CPU
		{C5533EEB-9AEF-4CC9-8E76-3FFE57D09C23}.Debug|x64.ActiveCfg = Debug|Any CPU
		{C5533EEB-9AEF-4CC9-8E76-3FFE57D09C23}.Debug|x64.Build.0 = Debug|Any CPU
		{C5533EEB-9AEF-4CC9-8E76-3FFE57D09C23}.Debug|x86.ActiveCfg = Debug|Any CPU
		{C5533EEB-9AEF-4CC9-8E76-3FFE57D09C23}.Debug|x86.Build.0 = Debug|Any CPU
		{C5533EEB-9AEF-4CC9-8E76-3FFE57D09C23}.Release|x64.ActiveCfg = Release|Any CPU
		{C5533EEB-9AEF-4CC9-8E76-3FFE57D09C23}.Release|x64.Build.0 = Release|Any CPU
		{C5533EEB-9AEF-4CC9-8E76-3FFE57D09C23}.Release|x86.ActiveCfg = Release|Any CPU
		{C5533EEB-9AEF-4CC9-8E76-3FFE57D09C23}.Release|x86.Build.0 = Release|Any CPU
		{746A6B40-4570-40CB-BBE5-CEECEE9E220F}.Debug|x64.ActiveCfg = Debug|Any CPU
		{746A6B40-4570-40CB-BBE5-CEECEE9E220F}.Debug|x64.Build.0 = Debug|Any CPU
		{746A6B40-4570-40CB-BBE5-CEECEE9E220F}.Debug|x86.ActiveCfg = Debug|Any CPU
		{746A6B40-4570-40CB-BBE5-CEECEE9E220F}.Debug|x86.Build.0 = Debug|Any CPU
		{746A6B40-4570-40CB-BBE5-CEECEE9E220F}.Release|x64.ActiveCfg = Release|Any CPU
		{746A6B40-4570-40CB-BBE5-CEECEE9E220F}.Release|x64.Build.0 = Release|Any CPU
		{746A6B40-4570-40CB-BBE5-CEECEE9E220F}.Release|x86.ActiveCfg = Release|Any CPU
		{746A6B40-4570-40CB-BBE5-CEECEE9E220F}.Release|x86.Build.0 = Release|Any CPU
		{F6D7F279-F302-4741-BE54-DD75D32E378F}.Debug|x64.ActiveCfg = Debug|x86
		{F6D7F279-F302-4741-BE54-DD75D32E378F}.Debug|x86.ActiveCfg = Debug|x86
		{F6D7F279-F302-4741-BE54-DD75D32E378F}.Release|x64.ActiveCfg = Release|x86
		{F6D7F279-F302-4741-BE54-DD75D32E378F}.Release|x86.ActiveCfg = Release|x86
		{F6D7F279-F302-4741-BE54-DD75D32E378F}.Release|x86.Build.0 = Release|x86
		{5A908D9D-617E-408F-ACED-9E505693DE96}.Debug|x64.ActiveCfg = Debug|Any CPU
		{5A908D9D-617E-408F-ACED-9E505693DE96}.Debug|x64.Build.0 = Debug|Any CPU
		{5A908D9D-617E-408F-ACED-9E505693DE96}.Debug|x86.ActiveCfg = Debug|Any CPU
		{5A908D9D-617E-408F-ACED-9E505693DE96}.Debug|x86.Build.0 = Debug|Any CPU
		{5A908D9D-617E-408F-ACED-9E505693DE96}.Release|x64.ActiveCfg = Release|Any CPU
		{5A908D9D-617E-408F-ACED-9E505693DE96}.Release|x64.Build.0 = Release|Any CPU
		{5A908D9D-617E-408F-ACED-9E505693DE96}.Release|x86.ActiveCfg = Release|Any CPU
		{5A908D9D-617E-408F-ACED-9E505693DE96}.Release|x86.Build.0 = Release|Any CPU
		{EE9B358A-335C-43E9-BC35-853807C5E776}.Debug|x64.ActiveCfg = Debug|Any CPU
		{EE9B358A-335C-43E9-BC35-853807C5E776}.Debug|x64.Build.0 = Debug|Any CPU
		{EE9B358A-335C-43E9-BC35-853807C5E776}.Debug|x86.ActiveCfg = Debug|Any CPU
		{EE9B358A-335C-43E9-BC35-853807C5E776}.Debug|x86.Build.0 = Debug|Any CPU
		{EE9B358A-335C-43E9-BC35-853807C5E776}.Release|x64.ActiveCfg = Release|Any CPU
		{EE9B358A-335C-43E9-BC35-853807C5E776}.Release|x64.Build.0 = Release|Any CPU
		{EE9B358A-335C-43E9-BC35-853807C5E776}.Release|x86.ActiveCfg = Release|Any CPU
		{EE9B358A-335C-43E9-BC35-853807C5E776}.Release|x86.Build.0 = Release|Any CPU
		{31B0FAA6-A63F-46FC-96EE-697235DA2BB0}.Debug|x64.ActiveCfg = Debug|Any CPU
		{31B0FAA6-A63F-46FC-96EE-697235DA2BB0}.Debug|x64.Build.0 = Debug|Any CPU
		{31B0FAA6-A63F-46FC-96EE-697235DA2BB0}.Debug|x86.ActiveCfg = Debug|Any CPU
		{31B0FAA6-A63F-46FC-96EE-697235DA2BB0}.Debug|x86.Build.0 = Debug|Any CPU
		{31B0FAA6-A63F-46FC-96EE-697235DA2BB0}.Release|x64.ActiveCfg = Release|Any CPU
		{31B0FAA6-A63F-46FC-96EE-697235DA2BB0}.Release|x64.Build.0 = Release|Any CPU
		{31B0FAA6-A63F-46FC-96EE-697235DA2BB0}.Release|x86.ActiveCfg = Release|Any CPU
		{31B0FAA6-A63F-46FC-96EE-697235DA2BB0}.Release|x86.Build.0 = Release|Any CPU
		{E8513153-6298-411D-9BD9-0DB0CC708D34}.Debug|x64.ActiveCfg = Debug|Any CPU
		{E8513153-6298-411D-9BD9-0DB0CC708D34}.Debug|x64.Build.0 = Debug|Any CPU
		{E8513153-6298-411D-9BD9-0DB0CC708D34}.Debug|x86.ActiveCfg = Debug|Any CPU
		{E8513153-6298-411D-9BD9-0DB0CC708D34}.Debug|x86.Build.0 = Debug|Any CPU
		{E8513153-6298-411D-9BD9-0DB0CC708D34}.Release|x64.ActiveCfg = Release|Any CPU
		{E8513153-6298-411D-9BD9-0DB0CC708D34}.Release|x64.Build.0 = Release|Any CPU
		{E8513153-6298-411D-9BD9-0DB0CC708D34}.Release|x86.ActiveCfg = Release|Any CPU
		{E8513153-6298-411D-9BD9-0DB0CC708D34}.Release|x86.Build.0 = Release|Any CPU
		{0B94C4BF-762B-4722-BF5A-30E7F6D2CB7E}.Debug|x64.ActiveCfg = Debug|Any CPU
		{0B94C4BF-762B-4722-BF5A-30E7F6D2CB7E}.Debug|x64.Build.0 = Debug|Any CPU
		{0B94C4BF-762B-4722-BF5A-30E7F6D2CB7E}.Debug|x86.ActiveCfg = Debug|Any CPU
		{0B94C4BF-762B-4722-BF5A-30E7F6D2CB7E}.Debug|x86.Build.0 = Debug|Any CPU
		{0B94C4BF-762B-4722-BF5A-30E7F6D2CB7E}.Release|x64.ActiveCfg = Release|Any CPU
		{0B94C4BF-762B-4722-BF5A-30E7F6D2CB7E}.Release|x64.Build.0 = Release|Any CPU
		{0B94C4BF-762B-4722-BF5A-30E7F6D2CB7E}.Release|x86.ActiveCfg = Release|Any CPU
		{0B94C4BF-762B-4722-BF5A-30E7F6D2CB7E}.Release|x86.Build.0 = Release|Any CPU
		{33008C83-1DE4-4C00-8F81-1E2226875F7A}.Debug|x64.ActiveCfg = Debug|Any CPU
		{33008C83-1DE4-4C00-8F81-1E2226875F7A}.Debug|x64.Build.0 = Debug|Any CPU
		{33008C83-1DE4-4C00-8F81-1E2226875F7A}.Debug|x86.ActiveCfg = Debug|Any CPU
		{33008C83-1DE4-4C00-8F81-1E2226875F7A}.Debug|x86.Build.0 = Debug|Any CPU
		{33008C83-1DE4-4C00-8F81-1E2226875F7A}.Release|x64.ActiveCfg = Release|Any CPU
		{33008C83-1DE4-4C00-8F81-1E2226875F7A}.Release|x64.Build.0 = Release|Any CPU
		{33008C83-1DE4-4C00-8F81-1E2226875F7A}.Release|x86.ActiveCfg = Release|Any CPU
		{33008C83-1DE4-4C00-8F81-1E2226875F7A}.Release|x86.Build.0 = Release|Any CPU
		{775426EC-CE9D-4C3D-A5BD-7C600A4BB255}.Debug|x64.ActiveCfg = Debug|Any CPU
		{775426EC-CE9D-4C3D-A5BD-7C600A4BB255}.Debug|x64.Build.0 = Debug|Any CPU
		{775426EC-CE9D-4C3D-A5BD-7C600A4BB255}.Debug|x86.ActiveCfg = Debug|Any CPU
		{775426EC-CE9D-4C3D-A5BD-7C600A4BB255}.Debug|x86.Build.0 = Debug|Any CPU
		{775426EC-CE9D-4C3D-A5BD-7C600A4BB255}.Release|x64.ActiveCfg = Release|Any CPU
		{775426EC-CE9D-4C3D-A5BD-7C600A4BB255}.Release|x64.Build.0 = Release|Any CPU
		{775426EC-CE9D-4C3D-A5BD-7C600A4BB255}.Release|x86.ActiveCfg = Release|Any CPU
		{775426EC-CE9D-4C3D-A5BD-7C600A4BB255}.Release|x86.Build.0 = Release|Any CPU
		{4E0FF782-F141-424A-AF7B-2308B526C58F}.Debug|x64.ActiveCfg = Debug|Any CPU
		{4E0FF782-F141-424A-AF7B-2308B526C58F}.Debug|x64.Build.0 = Debug|Any CPU
		{4E0FF782-F141-424A-AF7B-2308B526C58F}.Debug|x86.ActiveCfg = Debug|Any CPU
		{4E0FF782-F141-424A-AF7B-2308B526C58F}.Debug|x86.Build.0 = Debug|Any CPU
		{4E0FF782-F141-424A-AF7B-2308B526C58F}.Release|x64.ActiveCfg = Release|Any CPU
		{4E0FF782-F141-424A-AF7B-2308B526C58F}.Release|x64.Build.0 = Release|Any CPU
		{4E0FF782-F141-424A-AF7B-2308B526C58F}.Release|x86.ActiveCfg = Release|Any CPU
		{4E0FF782-F141-424A-AF7B-2308B526C58F}.Release|x86.Build.0 = Release|Any CPU
	EndGlobalSection
	GlobalSection(SolutionProperties) = preSolution
		HideSolutionNode = FALSE
	EndGlobalSection
	GlobalSection(NestedProjects) = preSolution
		{4337F24C-830C-4A9A-987B-2348F9222C39} = {46A37479-1892-496B-98AB-6826E97D12F7}
		{2B929F9D-6E24-44F0-9BBC-A129E93262AC} = {46A37479-1892-496B-98AB-6826E97D12F7}
		{B2CE418E-A5C8-4C46-9513-771414B3CA4C} = {A0C8DE33-594B-4927-8B68-52C008EF17A8}
		{42EA7A31-2D5C-4B50-ACEA-D56C3BAB0CC2} = {B791B5A9-DF44-474A-A10A-E4654F8792D7}
		{BDFCE9C6-A116-45AF-94DC-F491D0CE8EB2} = {B791B5A9-DF44-474A-A10A-E4654F8792D7}
		{0FBC382D-AB5A-4C10-B573-10B4FFB02EFC} = {A0C8DE33-594B-4927-8B68-52C008EF17A8}
		{27AD5F08-0625-4093-8782-F7936737FAB7} = {BB3EABCA-7978-4809-A5CF-51F85860DD55}
		{C6F40A34-101B-4BAF-A2F4-6EA28A264F57} = {B791B5A9-DF44-474A-A10A-E4654F8792D7}
		{C5533EEB-9AEF-4CC9-8E76-3FFE57D09C23} = {B791B5A9-DF44-474A-A10A-E4654F8792D7}
		{746A6B40-4570-40CB-BBE5-CEECEE9E220F} = {46A37479-1892-496B-98AB-6826E97D12F7}
		{F6D7F279-F302-4741-BE54-DD75D32E378F} = {46A37479-1892-496B-98AB-6826E97D12F7}
		{5A908D9D-617E-408F-ACED-9E505693DE96} = {B791B5A9-DF44-474A-A10A-E4654F8792D7}
		{EE9B358A-335C-43E9-BC35-853807C5E776} = {B791B5A9-DF44-474A-A10A-E4654F8792D7}
		{31B0FAA6-A63F-46FC-96EE-697235DA2BB0} = {A0C8DE33-594B-4927-8B68-52C008EF17A8}
		{E8513153-6298-411D-9BD9-0DB0CC708D34} = {B791B5A9-DF44-474A-A10A-E4654F8792D7}
		{0B94C4BF-762B-4722-BF5A-30E7F6D2CB7E} = {46A37479-1892-496B-98AB-6826E97D12F7}
		{33008C83-1DE4-4C00-8F81-1E2226875F7A} = {BB3EABCA-7978-4809-A5CF-51F85860DD55}
		{775426EC-CE9D-4C3D-A5BD-7C600A4BB255} = {BB3EABCA-7978-4809-A5CF-51F85860DD55}
		{4E0FF782-F141-424A-AF7B-2308B526C58F} = {BB3EABCA-7978-4809-A5CF-51F85860DD55}
	EndGlobalSection
	GlobalSection(ExtensibilityGlobals) = postSolution
		EnterpriseLibraryConfigurationToolBinariesPath = packages\Unity.2.1.505.2\lib\NET35
		SolutionGuid = {07668570-E91E-4CCA-A9BF-EC3A83011035}
	EndGlobalSection
EndGlobal
