<?xml version="1.0" encoding="utf-8"?>
<Project ToolsVersion="12.0" xmlns="http://schemas.microsoft.com/developer/msbuild/2003">
  <ItemGroup>
    <Filter Include="Source Files">
      <UniqueIdentifier>{4FC737F1-C7A5-4376-A066-2A32D752A2FF}</UniqueIdentifier>
      <Extensions>cpp;c;cc;cxx;def;odl;idl;hpj;bat;asm;asmx</Extensions>
    </Filter>
    <Filter Include="Header Files">
      <UniqueIdentifier>{93995380-89BD-4b04-88EB-625FBE52EBFB}</UniqueIdentifier>
      <Extensions>h;hpp;hxx;hm;inl;inc;xsd</Extensions>
    </Filter>
    <Filter Include="Resource Files">
      <UniqueIdentifier>{67DA6AB6-F800-4c08-8B7A-83BB121AAD01}</UniqueIdentifier>
      <Extensions>rc;ico;cur;bmp;dlg;rc2;rct;bin;rgs;gif;jpg;jpeg;jpe;resx;tiff;tif;png;wav;mfcribbon-ms</Extensions>
    </Filter>
    <Filter Include="Generated Files">
      <UniqueIdentifier>{515a57ab-dcf0-4680-913d-33d0795ec22c}</UniqueIdentifier>
      <SourceControlFiles>False</SourceControlFiles>
    </Filter>
    <Filter Include="Instrumentation">
      <UniqueIdentifier>{5ba569a2-781a-4cdf-94d9-9cf0684f2ddc}</UniqueIdentifier>
    </Filter>
  </ItemGroup>
  <ItemGroup>
    <ClCompile Include="stdafx.cpp">
      <Filter>Source Files</Filter>
    </ClCompile>
    <ClCompile Include="OpenCover.Profiler.cpp">
      <Filter>Source Files</Filter>
    </ClCompile>
    <ClCompile Include="dllmain.cpp">
      <Filter>Source Files</Filter>
    </ClCompile>
    <ClCompile Include="xdlldata.c">
      <Filter>Source Files</Filter>
    </ClCompile>
    <ClCompile Include="OpenCoverProfiler_i.c">
      <Filter>Generated Files</Filter>
    </ClCompile>
    <ClCompile Include="CodeCoverage.cpp">
      <Filter>Source Files</Filter>
    </ClCompile>
    <ClCompile Include="CodeCoverage_ProfilerInfo.cpp">
      <Filter>Source Files</Filter>
    </ClCompile>
    <ClCompile Include="ProfilerCommunication.cpp">
      <Filter>Source Files</Filter>
    </ClCompile>
    <ClCompile Include="Method.cpp">
      <Filter>Instrumentation</Filter>
    </ClCompile>
    <ClCompile Include="Instruction.cpp">
      <Filter>Instrumentation</Filter>
    </ClCompile>
    <ClCompile Include="Operations.cpp">
      <Filter>Instrumentation</Filter>
    </ClCompile>
    <ClCompile Include="ExceptionHandler.cpp">
      <Filter>Instrumentation</Filter>
    </ClCompile>
    <ClCompile Include="SharedMemory.cpp">
      <Filter>Source Files</Filter>
    </ClCompile>
    <ClCompile Include="CoverageInstrumentation.cpp">
      <Filter>Source Files</Filter>
    </ClCompile>
    <ClCompile Include="NativeCallback.cpp">
      <Filter>Source Files</Filter>
    </ClCompile>
    <ClCompile Include="CodeCoverage_Callback.cpp">
      <Filter>Source Files</Filter>
    </ClCompile>
    <ClCompile Include="ProfilerInfo.cpp">
      <Filter>Source Files</Filter>
    </ClCompile>
    <ClCompile Include="CodeCoverage_Cuckoo.cpp">
      <Filter>Source Files</Filter>
    </ClCompile>
    <ClCompile Include="CodeCoverage_Support.cpp">
      <Filter>Source Files</Filter>
    </ClCompile>
    <ClCompile Include="CodeCoverage_Thread.cpp">
      <Filter>Source Files</Filter>
    </ClCompile>
    <ClCompile Include="Timer.cpp">
      <Filter>Source Files</Filter>
    </ClCompile>
  </ItemGroup>
  <ItemGroup>
    <ClInclude Include="stdafx.h">
      <Filter>Header Files</Filter>
    </ClInclude>
    <ClInclude Include="targetver.h">
      <Filter>Header Files</Filter>
    </ClInclude>
    <ClInclude Include="Resource.h">
      <Filter>Header Files</Filter>
    </ClInclude>
    <ClInclude Include="dllmain.h">
      <Filter>Header Files</Filter>
    </ClInclude>
    <ClInclude Include="xdlldata.h">
      <Filter>Header Files</Filter>
    </ClInclude>
    <ClInclude Include="OpenCoverProfiler_i.h">
      <Filter>Generated Files</Filter>
    </ClInclude>
    <ClInclude Include="CodeCoverage.h">
      <Filter>Header Files</Filter>
    </ClInclude>
    <ClInclude Include="ProfilerCommunication.h">
      <Filter>Header Files</Filter>
    </ClInclude>
    <ClInclude Include="Instruction.h">
      <Filter>Instrumentation</Filter>
    </ClInclude>
    <ClInclude Include="Method.h">
      <Filter>Instrumentation</Filter>
    </ClInclude>
    <ClInclude Include="Operations.h">
      <Filter>Instrumentation</Filter>
    </ClInclude>
    <ClInclude Include="ExceptionHandler.h">
      <Filter>Instrumentation</Filter>
    </ClInclude>
    <ClInclude Include="MethodBuffer.h">
      <Filter>Instrumentation</Filter>
    </ClInclude>
    <ClInclude Include="ProfileBase.h">
      <Filter>Header Files</Filter>
    </ClInclude>
    <ClInclude Include="Synchronization.h">
      <Filter>Header Files</Filter>
    </ClInclude>
    <ClInclude Include="SharedMemory.h">
      <Filter>Header Files</Filter>
    </ClInclude>
    <ClInclude Include="Messages.h">
      <Filter>Header Files</Filter>
    </ClInclude>
    <ClInclude Include="CoverageInstrumentation.h">
      <Filter>Header Files</Filter>
    </ClInclude>
    <ClInclude Include="NativeCallback.h">
      <Filter>Header Files</Filter>
    </ClInclude>
    <ClInclude Include="ReleaseTrace.h">
      <Filter>Header Files</Filter>
    </ClInclude>
    <ClInclude Include="ProfilerInfo.h">
      <Filter>Header Files</Filter>
    </ClInclude>
    <ClInclude Include="ProfilerInfoBase.h">
      <Filter>Header Files</Filter>
    </ClInclude>
    <ClInclude Include="Timer.h">
      <Filter>Header Files</Filter>
    </ClInclude>
  </ItemGroup>
  <ItemGroup>
    <ResourceCompile Include="OpenCover.Profiler.rc">
      <Filter>Resource Files</Filter>
    </ResourceCompile>
  </ItemGroup>
  <ItemGroup>
    <None Include="OpenCover.Profiler.rgs">
      <Filter>Resource Files</Filter>
    </None>
    <None Include="OpenCover.Profiler.def">
      <Filter>Source Files</Filter>
    </None>
    <None Include="CodeCoverage.rgs">
      <Filter>Resource Files</Filter>
    </None>
    <None Include="packages.config" />
  </ItemGroup>
  <ItemGroup>
    <Midl Include="OpenCoverProfiler.idl">
      <Filter>Source Files</Filter>
    </Midl>
  </ItemGroup>
</Project>