
Microsoft Visual Studio Solution File, Format Version 12.00
# Visual Studio 2013
VisualStudioVersion = 12.0.30723.0
MinimumVisualStudioVersion = 10.0.40219.1
Project("{FAE04EC0-301F-11D3-BF4B-00C04F79EFBC}") = "TestCoverageTests", "TestCoverageTests\TestCoverageTests.csproj", "{0BEAB764-D534-4733-B48C-7C322D5BFD52}"
	ProjectSection(ProjectDependencies) = postProject
		{D567E073-7EC5-4636-8DBD-43F4285FA5E2} = {D567E073-7EC5-4636-8DBD-43F4285FA5E2}
	EndProjectSection
EndProject
Project("{FAE04EC0-301F-11D3-BF4B-00C04F79EFBC}") = "TestWCFServiceCoverage", "TestWCFServiceCoverage\TestWCFServiceCoverage.csproj", "{D567E073-7EC5-4636-8DBD-43F4285FA5E2}"
EndProject
Global
	GlobalSection(SolutionConfigurationPlatforms) = preSolution
		Debug|Any CPU = Debug|Any CPU
		Release|Any CPU = Release|Any CPU
	EndGlobalSection
	GlobalSection(ProjectConfigurationPlatforms) = postSolution
		{0BEAB764-D534-4733-B48C-7C322D5BFD52}.Debug|Any CPU.ActiveCfg = Debug|Any CPU
		{0BEAB764-D534-4733-B48C-7C322D5BFD52}.Debug|Any CPU.Build.0 = Debug|Any CPU
		{0BEAB764-D534-4733-B48C-7C322D5BFD52}.Release|Any CPU.ActiveCfg = Release|Any CPU
		{0BEAB764-D534-4733-B48C-7C322D5BFD52}.Release|Any CPU.Build.0 = Release|Any CPU
		{D567E073-7EC5-4636-8DBD-43F4285FA5E2}.Debug|Any CPU.ActiveCfg = Debug|Any CPU
		{D567E073-7EC5-4636-8DBD-43F4285FA5E2}.Debug|Any CPU.Build.0 = Debug|Any CPU
		{D567E073-7EC5-4636-8DBD-43F4285FA5E2}.Release|Any CPU.ActiveCfg = Release|Any CPU
		{D567E073-7EC5-4636-8DBD-43F4285FA5E2}.Release|Any CPU.Build.0 = Release|Any CPU
	EndGlobalSection
	GlobalSection(SolutionProperties) = preSolution
		HideSolutionNode = FALSE
	EndGlobalSection
EndGlobal
